schemaVersion: 1
task: "SP-02 Task 2.8 graph reuse baseline"
nonVirtualReplay:
  goVersion: "1.27.1"
  image: "golang:1.27.1-alpine@sha256:8a5910f31396cd4d89662f56c68b3ae31d374308270a1c3bd96672ee5ed43414"
  test: "TestGraphNonVirtualUpstreamReplay"
adaptationPoC:
  status: "passed-test-only"
  runtimeAdmission: "candidate; not selected by core Profile or Bundle"
  sourceCommit: "346236312685a2e2e824c46b9ecdb3e8e8a10c76"
  adapterPatch:
    path: "test/fixtures/upstream-graph/ontology-ariadne-reader.patch"
    sha256: "ce57342fd94dbbdaf04e38d93eaf00f927aa89072a75cd99accc1db4b2657b86"
    purpose: "Change only the upstream diagnostic service constructor from concrete graph.Kernel to a three-method graph reader interface; align test-only Kubernetes module versions to v0.35.2"
  adapterTest:
    path: "test/fixtures/upstream-graph/ariadne-ontology-adapter-poc_test.go.fixture"
    sha256: "199f2b455f4a6f234def06c285e05956b58c3dd2255e26b87b527cc575eaf50c"
    generatedDiagnostic:
      path: "test/fixtures/upstream-graph/ontology-ariadne-diagnostic.golden.json"
      sha256: "d6e5eeeef75398eb67f8b8c5697eeb5de05ab00f9813a2e249010ec53791cb0e"
  dependencyClosure:
    path: "test/fixtures/upstream-graph/ontology-adapter-go-dependency-closure.json"
    sha256: "7b5debaa4975302252188075aaab8c87a91f4ee65786fb579fc7828195debda4"
    modules: 40
    unknownLicenseEvidence: 0
  nonVirtualRegression:
    test: "test/contract/upstream_graph_nonvirtual_test.go::TestAriadneNonVirtualGolden20K"
    fixture: "test/fixtures/upstream-graph/nonvirtual-golden-input.json"
    fixtureSHA256: "3a9b1140ace9234cb17697da8cacdc05e185d5a9e2b2933829552f4334988a3a"
    generatedObjectsSHA256: "0a4ed067fd482112d0b1d0b6281d6cc481dad488183b09b4eae2730fca9de8f2"
    objectCount: 20000
    hostGraphLoadSeconds: 47.38
    orbstackArm64GraphLoadSeconds: 46.23
  validationEvidence:
    red: "artifacts/test-reports/task-2.8-ontology-adapter-red.log (exit 1: Ariadne reader could not satisfy the concrete *graph.Kernel constructor)"
    green: "artifacts/test-reports/task-2.8-ontology-adapter-green.log (exit 0)"
    upstream: "artifacts/test-reports/task-2.8-ontology-adapter-upstream.log (exit 0; graph and diagnostic packages)"
    patchReplay: "artifacts/test-reports/task-2.8-ontology-adapter-patch-replay.log (exit 0; patch applied to a clean archive of the pinned commit)"
    publicContract: "artifacts/test-reports/task-2.8-ontology-contract-projection.log (exit 0)"
    host20K: "artifacts/test-reports/task-2.8-ariadne-nonvirtual-20k-host.log (exit 0)"
    orbstackArm64_20K: "artifacts/test-reports/task-2.8-ariadne-nonvirtual-20k-orbstack.log (exit 0; --network none and --pull never)"
  boundaries:
    - "The adapter stores no parallel node, edge, or adjacency index; Ariadne is the only graph store in the PoC."
    - "Instance isolation and snapshot replacement are in-memory fixture tests; production routing and worker lifecycle remain outside this PoC."
    - "Degraded-source Contract projection is synthetic fixture coverage, not a live source outage test."
    - "KubeVirt/CDI relation adaptation remains deferred and unverified under ADR-0008."
sources:
  ariadne:
    status: candidate
    source: "https://github.com/aalpar/ariadne"
    version: "v0.1.3-0.20260310221605-fa2232ce45c4"
    commit: "fa2232ce45c4c869e47ddae1c57e8886830cfb6c"
    gitArchiveSHA256: "641737135cb62446d0eefd27add051fd2be2f7843bcacdaaf3e2b05f7ea375ba"
    license: "Apache-2.0"
    licenseFile: "third_party/licenses/ariadne/LICENSE"
    integration: "Test-only Go dependency exercised by the non-virtual 20,000-object contract test and the hash-locked ontology adapter fixture; no production graph path imports it"
    api: ["RefRule", "LabelSelectorRule", "NewStructuralResolver", "DependenciesOf"]
    boundedQuery: "DependenciesOf is one-hop; do not use transitive Upstream for bounded platform calls"
    patch: "none; Ariadne itself is unmodified"
    files:
      - path: "LICENSE"
        sha256: "3e9de7803ceaf486a87b3d34fdcf77763777f5befbdbc77d53ad3854a9f7e5f7"
      - path: "argocd.go"
        sha256: "4b24553069580096e17d86ead484eca2630ecff1ad3e202c1dc82d8949411424"
      - path: "certmanager.go"
        sha256: "ebab6353ce0fa6b9261d6a7da257f64a75371a1088fd91e8c48808d8141d26be"
      - path: "clusterapi.go"
        sha256: "2bea10e9c50c72585e727036668d8c433617e075d02c184237cb7ff59c5e5ed0"
      - path: "crossplane.go"
        sha256: "4d82183d67b890f7b32ec135cb19fa9fc21ae140db3340d3dc1898aa75ad8663"
      - path: "event.go"
        sha256: "efca495a303d88878da46655a0b4a1d6a79e92754d3199c546a967eaa037eddc"
      - path: "export.go"
        sha256: "9dbef1eabd0d968bf71f2954129b9a250a2dd1925ea8e9849ea300777b2869fd"
      - path: "gateway.go"
        sha256: "d97d89210b59c1a9ec918ff83375d99ae0310cc1846d88ea7a372b16e6545b09"
      - path: "go.mod"
        sha256: "dc89d8169050d8c02700acc9e76f287482e07067f2bc35a061c6c78255ebd81f"
      - path: "graph.go"
        sha256: "ec9f16e9aeadecb9fd2697db2dc378ca68dbd1e03c239c6f9acff15b5419e875"
      - path: "istio.go"
        sha256: "2005e2d3c2474e5803ca8c3f769c011d07b2949c3850956e3ed9d36dd90e7df4"
      - path: "kyverno.go"
        sha256: "0b96badcff18fdce571110f9abfe92efe94be26594008340ba4d89792b5cdf31"
      - path: "namespace.go"
        sha256: "d5ee2fd42a30d1e5b7f1e40286bb59c238e9ee9b5eb1341f0b0e6c7e87fc1aed"
      - path: "podtemplate.go"
        sha256: "94ecd7be89de74e6f1801583122d3067e703a178005ad319cc0c150b5d7929b4"
      - path: "prometheus.go"
        sha256: "9b070579ea3e70d4beeb2a2155494f8a927023d1e917542b237bbe7e6fc615b2"
      - path: "resolver.go"
        sha256: "f84bcb7b29da6414dd208ac8564a18526d75fabde8464a8a282d887abe3f7965"
      - path: "rules.go"
        sha256: "9054604d260dfa4a6531917d5c0e20a7772d000fc91e8651da82fefe8122fb07"
      - path: "selector.go"
        sha256: "82d5f747e7ab320a2c29c54fa28df6789dcb8b46af8c69a6b030fa20631c5eb3"
      - path: "structural.go"
        sha256: "650045d65de1687b0bc29a6703eaf5d117d8482cfcb780e0dacc0b97e354249f"
      - path: "topo.go"
        sha256: "f14ada322a3b9e59f59d259532eecdf7b6a4a659f171859a6e092d0f8357bbdd"
      - path: "types.go"
        sha256: "d6195e26812f4817bb5e80dfd9fb333b5f04b334928e86f87c6d1fd84eeebf48"
    dependencyClosure:
      command: "go list -deps -f '{{if .Module}}{{.Module.Path}} {{.Module.Version}}{{end}}' github.com/aalpar/ariadne"
      modules:
        - path: "github.com/fxamacker/cbor/v2"
          version: "v2.9.0"
          goModuleChecksum: "h1:NpKPmjDBgUfBms6tr6JZkTHtfFGcMKsw3eGcmD/sapM="
          zipSHA256: "5b0ec6424bd522aeeeab30cbdcad6f40bf976a9a2ddf125ab27b97826140d97a"
          licenses:
            - file: "LICENSE"
              spdx: "MIT"
        - path: "github.com/go-logr/logr"
          version: "v1.4.3"
          goModuleChecksum: "h1:CjnDlHq8ikf6E492q6eKboGOC0T8CDaOvkHCIg8idEI="
          zipSHA256: "523d7a3587fe73f61ef41c8bc627f7d7f38de8104d46278154b307e60770ad70"
          licenses:
            - file: "LICENSE"
              spdx: "Apache-2.0"
        - path: "github.com/json-iterator/go"
          version: "v1.1.12"
          goModuleChecksum: "h1:PV8peI4a0ysnczrg+LtxykD8LfKY9ML6u2jnxaEnrnM="
          zipSHA256: "d001ea57081afd0e378467c8f4a9b6a51259996bb8bb763f78107eaf12f99501"
          licenses:
            - file: "LICENSE"
              spdx: "MIT"
        - path: "github.com/modern-go/concurrent"
          version: "v0.0.0-20180306012644-bacd9c7ef1dd"
          goModuleChecksum: "h1:TRLaZ9cD/w8PVh93nsPXa1VrQ6jlwL5oN8l14QlcNfg="
          zipSHA256: "91ef49599bec459869d94ff3dec128871ab66bd2dfa61041f1e1169f9b4a8073"
          licenses:
            - file: "LICENSE"
              spdx: "Apache-2.0"
        - path: "github.com/modern-go/reflect2"
          version: "v1.0.3-0.20250322232337-35a7c28c31ee"
          goModuleChecksum: "h1:W5t00kpgFdJifH4BDsTlE89Zl93FEloxaWZfGcifgq8="
          zipSHA256: "49f3fb0f76b1b98b52b5e6e8eab2a48454eab33904b937625941c28138a7fea4"
          licenses:
            - file: "LICENSE"
              spdx: "Apache-2.0"
        - path: "github.com/x448/float16"
          version: "v0.8.4"
          goModuleChecksum: "h1:qLwI1I70+NjRFUR3zs1JPUCgaCXSh3SW62uAKT1mSBM="
          zipSHA256: "73b24a41037ea999ab66851e3798a0973dbb1f214925915b01f0820f7b2f1500"
          licenses:
            - file: "LICENSE"
              spdx: "MIT"
        - path: "go.yaml.in/yaml/v2"
          version: "v2.4.3"
          goModuleChecksum: "h1:6gvOSjQoTB3vt1l+CU+tSyi/HOjfOjRLJ4YwYZGwRO0="
          zipSHA256: "bacc1ac9ed600be2df58f88b88d5c1b6f6473526fa4069f61549f64b81b09f41"
          licenses:
            - file: "LICENSE"
              spdx: "Apache-2.0"
            - file: "LICENSE.libyaml"
              spdx: "MIT"
        - path: "golang.org/x/net"
          version: "v0.57.0"
          goModuleChecksum: "h1:K5+3DljvIuDG9/Jv9rvyMywYNFCQ9RSUY6OOTTkT+tE="
          zipSHA256: "f8d652c629374b43846ef4f2efd419e8d1c81779eb728306d09f0de1cc1bab80"
          licenses:
            - file: "LICENSE"
              spdx: "BSD-3-Clause"
        - path: "golang.org/x/text"
          version: "v0.40.0"
          goModuleChecksum: "h1:Ub2Z6/xjgF1WrYQz2nuITOEegKFtiIy+rieRJ5lHZKs="
          zipSHA256: "07757384728d0f52dd85c1f3f163405e6396b2b0fb7eb7d6b610f2a711d69ee3"
          licenses:
            - file: "LICENSE"
              spdx: "BSD-3-Clause"
        - path: "gopkg.in/inf.v0"
          version: "v0.9.1"
          goModuleChecksum: "h1:73M5CoZyi3ZLMOyDlQh031Cx6N9NDJ2Vvfl76EDAgDc="
          zipSHA256: "08abac18c95cc43b725d4925f63309398d618beab68b4669659b61255e5374a0"
          licenses:
            - file: "LICENSE"
              spdx: "BSD-3-Clause"
        - path: "k8s.io/apimachinery"
          version: "v0.35.2"
          goModuleChecksum: "h1:NqsM/mmZA7sHW02JZ9RTtk3wInRgbVxL8MPfzSANAK8="
          zipSHA256: "bc39dce8fc64a082447400751b6f6a9cf99b3c87a08025d1f6f43d89c65bc9ea"
          licenses:
            - file: "LICENSE"
              spdx: "Apache-2.0"
        - path: "k8s.io/klog/v2"
          version: "v2.130.1"
          goModuleChecksum: "h1:n9Xl7H1Xvksem4KFG4PYbdQCQxqc/tTUyrgXaOhHSzk="
          zipSHA256: "262b961175bbe8cf6ecf227d06303df2eb47bfb890e19d516846422f7d406cb9"
          licenses:
            - file: "LICENSE"
              spdx: "Apache-2.0"
        - path: "k8s.io/kube-openapi"
          version: "v0.0.0-20250910181357-589584f1c912"
          goModuleChecksum: "h1:Y3gxNAuB0OBLImH611+UDZcmKS3g6CthxToOb37KgwE="
          zipSHA256: "c8f5db9fcfdcee9ae6057c0c0a2ea1232f0cf27a07d857517c7ad1e38d9950bc"
          licenses:
            - file: "LICENSE"
              spdx: "Apache-2.0"
        - path: "k8s.io/utils"
          version: "v0.0.0-20251002143259-bc988d571ff4"
          goModuleChecksum: "h1:SjGebBtkBqHFOli+05xYbK8YF1Dzkbzn+gDM4X9T4Ck="
          zipSHA256: "3caff8384915ba747aad7708cf2a4aaa2501f952780e64049abe981a57d1cb49"
          licenses:
            - file: "LICENSE"
              spdx: "Apache-2.0"
        - path: "sigs.k8s.io/json"
          version: "v0.0.0-20250730193827-2d320260d730"
          goModuleChecksum: "h1:IpInykpT6ceI+QxKBbEflcR5EXP7sU1kvOlxwZh5txg="
          zipSHA256: "7cec6eae3e4e4c9c1e0a009eef200740990fafbcb9cab081eb18ce32f6e7a7b9"
          licenses:
            - file: "LICENSE"
              spdx: "Apache-2.0"
        - path: "sigs.k8s.io/randfill"
          version: "v1.0.0"
          goModuleChecksum: "h1:JfjMILfT8A6RbawdsK2JXGBR5AQVfd+9TbzrlneTyrU="
          zipSHA256: "31dbbfc44ce12f78f1b68d6bbeed8526aa73c53243353d44d50b2532c828f5f1"
          licenses:
            - file: "LICENSE"
              spdx: "Apache-2.0"
        - path: "sigs.k8s.io/structured-merge-diff/v6"
          version: "v6.3.0"
          goModuleChecksum: "h1:jTijUJbW353oVOd9oTlifJqOGEkUw2jB/fXCbTiQEco="
          zipSHA256: "bcb0e662e31cfbd06b4cb52eb59eef6f0da101bce5aedca7dbce1f78c34d637a"
          licenses:
            - file: "LICENSE"
              spdx: "Apache-2.0"
  kubernetesOntology:
    status: candidate
    source: "https://github.com/Colvin-Y/kubernetes-ontology"
    version: "v0.1.8+commit.346236312685a2e2e824c46b9ecdb3e8e8a10c76"
    commit: "346236312685a2e2e824c46b9ecdb3e8e8a10c76"
    gitArchiveSHA256: "7b579f52dacdbc2f3bb44c4a6c0623dc499de9d59ea1cc22fad562e0b5982e9f"
    license: "Apache-2.0"
    licenseFile: "third_party/licenses/kubernetes-ontology/LICENSE"
    noticeFile: "third_party/licenses/kubernetes-ontology/NOTICE"
    fileLicenseReview: "Selected source files have no per-file overrides; source archive root license and NOTICE apply."
    integration: "Exact upstream packages plus a hash-locked, test-only graph-reader adapter patch compiled and tested from an isolated checkout; internal packages cannot be imported cross-module."
    selectedSemantics: ["DiagnosticSubgraph", "EdgeProvenance", "RankedEvidence", "Conflicts", "node and edge budgets", "depth limits"]
    graphStorePolicy: "Do not vendor or run the upstream Kernel/index beside Ariadne; adapt only selected model/diagnostic semantics to the single platform ResourceGraph."
    patch:
      path: "test/fixtures/upstream-graph/ontology-ariadne-reader.patch"
      sha256: "ce57342fd94dbbdaf04e38d93eaf00f927aa89072a75cd99accc1db4b2657b86"
      scope: "test-only graph-reader boundary and Kubernetes dependency alignment; no platform production source"
    files:
      - path: "LICENSE"
        sha256: "215191e6c2217c6922e3b911e2fedb0fa5578d8326ae13f7228bef251285856c"
      - path: "NOTICE"
        sha256: "25b2612bb666e9dc21549bb5feab59fd4648e0ecdd3c7499c40fb697208d2350"
      - path: "go.mod"
        sha256: "be2e325b9f2616ddbfd1ed2ef7a3b5a50e10866673d512059dda5932f936011d"
      - path: "internal/api/query.go"
        sha256: "54a66ecffbeae9f3d9e8e6e95dc6fbff15a00c4d474f880bbe79cad8013178ed"
      - path: "internal/api/types.go"
        sha256: "6a89a5d73a16efb2ee6a6f5ba53ef4c5815615f75686c6cd5e03bdaf06601855"
      - path: "internal/fixtures/pod_image_pull_failure.golden.json"
        sha256: "4deb15a7bbc073756c4bf5460485b3520b8330241c83def9a2c7f85e22320a33"
      - path: "internal/fixtures/workload_rollout_blocked.golden.json"
        sha256: "2194b1343f6d7963b738cb7b83d28216cf0d98ed2e8cbe13705052e0a5aea132"
      - path: "internal/graph/builder.go"
        sha256: "114ade73c190218c36ac242f23a3d365d08fd61b1b8b889a384afdc2a1723ed9"
      - path: "internal/graph/builder_test.go"
        sha256: "0324c54508cfa0c8dd6649f610f156d8a19e0864861d6618eeca9d76af71a30c"
      - path: "internal/graph/contract_test.go"
        sha256: "7011e8759d0b0b6577e817dc4c14c66908aafa20c5e6936727e2ef991d9c5326"
      - path: "internal/graph/helm.go"
        sha256: "f32e9338ce44bdef457bfc034ff15e0af27b7a9c93afd0878f031756731329c0"
      - path: "internal/graph/index.go"
        sha256: "31d5ac80eb7b44a7881c83f2a46713baa6a5bcbad3d51b6948e9a9fa8076cfdb"
      - path: "internal/graph/kernel.go"
        sha256: "631afef2e078ee83f20ac42c780fd5c967d2dab89c65de89bb4ce9e2afa818ed"
      - path: "internal/graph/kernel_test.go"
        sha256: "a5ca469c35edc7492bc35e92cfefd6314928092385169f8c717e6639f0e11b7c"
      - path: "internal/graph/pvc_contract_test.go"
        sha256: "ff1926268c37846259e048b716c49e78b8f88de05595895aa3e5ff07aa2ae796"
      - path: "internal/model/edge.go"
        sha256: "c7dfec078fe7bf107ec41c311b8803c45ad35822612d1749ba50ec07a4f0e216"
      - path: "internal/model/identity.go"
        sha256: "fb5106ce413944bdd5898ae74e73185deffaaa40c11f28ba648e14eb0df3d5b1"
      - path: "internal/model/node.go"
        sha256: "fcc2fa450f88f05efbf3a5a404a2651d171a594a58edd318a79837d146a2ffb9"
      - path: "internal/model/relation_spec.go"
        sha256: "83cb05cfcdf4438bc51332af1d46b7becdc1ce52fbeb591580502cadc83c167d"
      - path: "internal/model/relation_spec_test.go"
        sha256: "487c65fa4cf0a96689421fbf8af6adbfbcb51587400a1d0b1be4baedfe24eb72"
      - path: "internal/model/workload.go"
        sha256: "e451da232e077cac9b0b95a4bb0778fccd0f6b3860f14a2fcf8f5f43daff1536"
      - path: "internal/model/workload_test.go"
        sha256: "0654ebba8e0afe47d9d7615e42e41c4c22a8329095ffcebd4af0fdf8d056caf8"
      - path: "internal/service/diagnostic/depth_test.go"
        sha256: "edfcd4fd237ff7d6386e429d741d0db5024d5d754bc91951f14a42a5c9deab8b"
      - path: "internal/service/diagnostic/service.go"
        sha256: "e0c635bf17208222397c30fb2f0794c50f8d577e89f1e95b64bb253383eeb702"
      - path: "internal/service/diagnostic/service_test.go"
        sha256: "d295473a752f52b3c48643065c3eed5e8c99494ad8c9f1673cef60274b3493e7"
      - path: "internal/service/diagnostic/terminal_test.go"
        sha256: "7f841695bf11b5c7d84d93ad2979d52bf7ef05fc3828d86f46f5450b987ba762"
    dependencyClosure:
      command: "go list -deps -test -f '{{if .Module}}{{.Module.Path}} {{.Module.Version}}{{end}}' ./internal/graph ./internal/service/diagnostic"
      modules:
        - path: "github.com/davecgh/go-spew"
          version: "v1.1.1"
          goModuleChecksum: "h1:vj9j/u1bqnvCEfJOwUhtlOARqs3+rkHYY13jYWTU97c="
          zipSHA256: "6b44a843951f371b7010c754ecc3cabefe815d5ced1c5b9409fb2d697e8a890d"
          licenses:
            - file: "LICENSE"
              spdx: "ISC"
        - path: "github.com/emicklei/go-restful/v3"
          version: "v3.11.0"
          goModuleChecksum: "h1:rAQeMHw1c7zTmncogyy8VvRZwtkmkZ4FxERmMY4rD+g="
          zipSHA256: "fc71c649398fa5d28ac7948d143bc8ac4803c01d24f852b9d50e87724ac8efc8"
          licenses:
            - file: "LICENSE"
              spdx: "MIT"
        - path: "github.com/go-logr/logr"
          version: "v1.4.1"
          goModuleChecksum: "h1:pKouT5E8xu9zeFC39JXRDukb6JFQPXM5p5I91188VAQ="
          zipSHA256: "27d1c8d411fd8e42dc6202991d70afa630089700f1d002de5454d6c26f93674c"
          licenses:
            - file: "LICENSE"
              spdx: "Apache-2.0"
        - path: "github.com/go-openapi/jsonpointer"
          version: "v0.19.6"
          goModuleChecksum: "h1:eCs3fxoIi3Wh6vtgmLTOjdhSpiqphQ+DaPn38N2ZdrE="
          zipSHA256: "13184359227db1ba359382af560d5c32c8b08c0aabfb13cfcb332700a7f01913"
          licenses:
            - file: "LICENSE"
              spdx: "Apache-2.0"
        - path: "github.com/go-openapi/jsonreference"
          version: "v0.20.2"
          goModuleChecksum: "h1:3sVjiK66+uXK/6oQ8xgcRKcFgQ5KXa2KvnJRumpMGbE="
          zipSHA256: "27afd0bef56453e463eba6093afb04dc08d97b5ad0e15b2266cac867d062ae1b"
          licenses:
            - file: "LICENSE"
              spdx: "Apache-2.0"
        - path: "github.com/go-openapi/swag"
          version: "v0.22.3"
          goModuleChecksum: "h1:yMBqmnQ0gyZvEb/+KzuWZOXgllrXT4SADYbvDaXHv/g="
          zipSHA256: "200aad3e5eed2c395172b822650575d994b84345a2bbc7789e336545634cac09"
          licenses:
            - file: "LICENSE"
              spdx: "Apache-2.0"
        - path: "github.com/gogo/protobuf"
          version: "v1.3.2"
          goModuleChecksum: "h1:Ov1cvc58UF3b5XjBnZv7+opcTcQFZebYjWzi34vdm4Q="
          zipSHA256: "dd2b73f163c8183941626360196c8f844addd95423d341a0412e1b22d0104ff7"
          licenses:
            - file: "LICENSE"
              spdx: "BSD-3-Clause"
        - path: "github.com/golang/protobuf"
          version: "v1.5.4"
          goModuleChecksum: "h1:i7eJL8qZTpSEXOPTxNKhASYpMn+8e5Q6AdndVa1dWek="
          zipSHA256: "9a2f43d3eac8ceda506ebbeb4f229254b87235ce90346692a0e233614182190b"
          licenses:
            - file: "LICENSE"
              spdx: "BSD-3-Clause"
        - path: "github.com/google/gnostic-models"
          version: "v0.6.8"
          goModuleChecksum: "h1:yo/ABAfM5IMRsS1VnXjTBvUb61tFIHozhlYvRgGre9I="
          zipSHA256: "5276180bd184f64676867fc2f64a583175968c507d404be6b7f1261ead229484"
          licenses:
            - file: "LICENSE"
              spdx: "Apache-2.0"
        - path: "github.com/google/go-cmp"
          version: "v0.6.0"
          goModuleChecksum: "h1:ofyhxvXcZhMsU5ulbFiLKl/XBFqE1GSq7atu8tAmTRI="
          zipSHA256: "4b4e9bf6c48211080651b491dfb48d68b736c66a305bcf94605606e1ba2eaa4a"
          licenses:
            - file: "LICENSE"
              spdx: "BSD-3-Clause"
        - path: "github.com/google/gofuzz"
          version: "v1.2.0"
          goModuleChecksum: "h1:xRy4A+RhZaiKjJ1bPfwQ8sedCA+YS2YcCHW6ec7JMi0="
          zipSHA256: "5948f40af1923d8f98dc1d4191311030e40e0057fb255df19ebc0360f2faac16"
          licenses:
            - file: "LICENSE"
              spdx: "Apache-2.0"
        - path: "github.com/google/uuid"
          version: "v1.3.0"
          goModuleChecksum: "h1:t6JiXgmwXMjEs8VusXIJk2BXHsn+wx8BZdTaoZ5fu7I="
          zipSHA256: "0a5fcc05ea492afeaca984a012485f6a15e2259b32f1206d6f36a88c88afc607"
          licenses:
            - file: "LICENSE"
              spdx: "BSD-3-Clause"
        - path: "github.com/josharian/intern"
          version: "v1.0.0"
          goModuleChecksum: "h1:vlS4z54oSdjm0bgjRigI+G1HpF+tI+9rE5LLzOg8HmY="
          zipSHA256: "5679bfd11c14adccdb45bd1a0f9cf4b445b95caeed6fb507ba96ecced11c248d"
          licenses:
            - file: "license.md"
              spdx: "MIT"
        - path: "github.com/json-iterator/go"
          version: "v1.1.12"
          goModuleChecksum: "h1:PV8peI4a0ysnczrg+LtxykD8LfKY9ML6u2jnxaEnrnM="
          zipSHA256: "d001ea57081afd0e378467c8f4a9b6a51259996bb8bb763f78107eaf12f99501"
          licenses:
            - file: "LICENSE"
              spdx: "MIT"
        - path: "github.com/mailru/easyjson"
          version: "v0.7.7"
          goModuleChecksum: "h1:UGYAvKxe3sBsEDzO8ZeWOSlIQfWFlxbzLZe7hwFURr0="
          zipSHA256: "139387981a220d499c9f47cece42a2002f105e4ee3ab9c74188a7fb8a9be711e"
          licenses:
            - file: "LICENSE"
              spdx: "MIT"
        - path: "github.com/modern-go/concurrent"
          version: "v0.0.0-20180306012644-bacd9c7ef1dd"
          goModuleChecksum: "h1:TRLaZ9cD/w8PVh93nsPXa1VrQ6jlwL5oN8l14QlcNfg="
          zipSHA256: "91ef49599bec459869d94ff3dec128871ab66bd2dfa61041f1e1169f9b4a8073"
          licenses:
            - file: "LICENSE"
              spdx: "Apache-2.0"
        - path: "github.com/modern-go/reflect2"
          version: "v1.0.2"
          goModuleChecksum: "h1:xBagoLtFs94CBntxluKeaWgTMpvLxC4ur3nMaC9Gz0M="
          zipSHA256: "f46f41409c2e74293f82cfe6c70b5d582bff8ada0106a7d3ff5706520c50c21c"
          licenses:
            - file: "LICENSE"
              spdx: "Apache-2.0"
        - path: "github.com/munnerz/goautoneg"
          version: "v0.0.0-20191010083416-a7dc8b61c822"
          goModuleChecksum: "h1:C3w9PqII01/Oq1c1nUAm88MOHcQC9l5mIlSMApZMrHA="
          zipSHA256: "3d7ce17916779890be02ea6b3dd6345c3c30c1df502ad9d8b5b9b310e636afd9"
          licenses:
            - file: "LICENSE"
              spdx: "BSD-3-Clause"
        - path: "golang.org/x/net"
          version: "v0.23.0"
          goModuleChecksum: "h1:7EYJ93RZ9vYSZAIb2x3lnuvqO5zneoD6IvWjuhfxjTs="
          zipSHA256: "b7c2bbfc57affd133d37c5dbdaf8fac76e260632128116911124f1c64fb76f5b"
          licenses:
            - file: "LICENSE"
              spdx: "BSD-3-Clause"
        - path: "golang.org/x/oauth2"
          version: "v0.10.0"
          goModuleChecksum: "h1:zHCpF2Khkwy4mMB4bv0U37YtJdTGW8jI0glAApi0Kh8="
          zipSHA256: "1e81392776911f51a058ce10af21e9ce3cac6e6069f0ecb913e90e1dbe8c71b2"
          licenses:
            - file: "LICENSE"
              spdx: "BSD-3-Clause"
        - path: "golang.org/x/sys"
          version: "v0.18.0"
          goModuleChecksum: "h1:DBdB3niSjOA/O0blCZBqDefyWNYveAYMNF1Wum0DYQ4="
          zipSHA256: "96e3b16b15a7d193c9db2974db4cabed29b37ab4bb09f63edfa441199de6fdf8"
          licenses:
            - file: "LICENSE"
              spdx: "BSD-3-Clause"
        - path: "golang.org/x/term"
          version: "v0.18.0"
          goModuleChecksum: "h1:FcHjZXDMxI8mM3nwhX9HlKop4C0YQvCVCdwYl2wOtE8="
          zipSHA256: "60652f7dd2fa4185c62867bcaa3fa56e59b07f5b71083d8f72ab882d251355a6"
          licenses:
            - file: "LICENSE"
              spdx: "BSD-3-Clause"
        - path: "golang.org/x/text"
          version: "v0.14.0"
          goModuleChecksum: "h1:ScX5w1eTa3QqT8oi6+ziP7dTV1S2+ALU0bI+0zXKWiQ="
          zipSHA256: "b9814897e0e09cd576a7a013f066c7db537a3d538d2e0f60f0caee9bc1b3f4af"
          licenses:
            - file: "LICENSE"
              spdx: "BSD-3-Clause"
        - path: "golang.org/x/time"
          version: "v0.3.0"
          goModuleChecksum: "h1:rg5rLMjNzMS1RkNLzCG38eapWhnYLFYXDXj2gOlr8j4="
          zipSHA256: "fa9a1fcd03a4acb817faa5d44e95f0a73182a96cb81012c9b94f832d70f7296b"
          licenses:
            - file: "LICENSE"
              spdx: "BSD-3-Clause"
        - path: "google.golang.org/protobuf"
          version: "v1.33.0"
          goModuleChecksum: "h1:uNO2rsAINq/JlFpSdYEKIZ0uKD/R9cpdv0T+yoGwGmI="
          zipSHA256: "2cc1c98e12903009bd4bf0d5e938a421ca2f88ae87b0fc50004b2c7598b1fd24"
          licenses:
            - file: "LICENSE"
              spdx: "BSD-3-Clause"
        - path: "gopkg.in/inf.v0"
          version: "v0.9.1"
          goModuleChecksum: "h1:73M5CoZyi3ZLMOyDlQh031Cx6N9NDJ2Vvfl76EDAgDc="
          zipSHA256: "08abac18c95cc43b725d4925f63309398d618beab68b4669659b61255e5374a0"
          licenses:
            - file: "LICENSE"
              spdx: "BSD-3-Clause"
        - path: "gopkg.in/yaml.v2"
          version: "v2.4.0"
          goModuleChecksum: "h1:D8xgwECY7CYvx+Y2n4sBz93Jn9JRvxdiyyo8CTfuKaY="
          zipSHA256: "ede49e27c4cca6cdd2ec719aed8ea4d363710cceb3d411e7a786fbdec0d391fd"
          licenses:
            - file: "LICENSE"
              spdx: "Apache-2.0"
            - file: "LICENSE.libyaml"
              spdx: "MIT"
        - path: "gopkg.in/yaml.v3"
          version: "v3.0.1"
          goModuleChecksum: "h1:fxVm/GzAzEWqLHuvctI91KS9hhNmmWOoWu0XTYJS7CA="
          zipSHA256: "aab8fbc4e6300ea08e6afe1caea18a21c90c79f489f52c53e2f20431f1a9a015"
          licenses:
            - file: "LICENSE"
              spdx: "Apache-2.0"
        - path: "k8s.io/api"
          version: "v0.30.1"
          goModuleChecksum: "h1:kCm/6mADMdbAxmIh0LBjS54nQBE+U4KmbCfIkF5CpJY="
          zipSHA256: "df4ae4778f24ec12129524942332bd99a121d64ab78d2fef41bb157195f0f979"
          licenses:
            - file: "LICENSE"
              spdx: "Apache-2.0"
        - path: "k8s.io/apimachinery"
          version: "v0.30.1"
          goModuleChecksum: "h1:ZQStsEfo4n65yAdlGTfP/uSHMQSoYzU/oeEbkmF7P2U="
          zipSHA256: "3b0f2addfc3e679efdefafe76516ec0e0b56e1e0bbb350945fe02af28c1c1da1"
          licenses:
            - file: "LICENSE"
              spdx: "Apache-2.0"
        - path: "k8s.io/client-go"
          version: "v0.30.1"
          goModuleChecksum: "h1:uC/Ir6A3R46wdkgCV3vbLyNOYyCJ8oZnjtJGKfytl/Q="
          zipSHA256: "65ab569d1dc42d0d58c5acdae5c112ccfdd46885ceec966eac97637f0abc3410"
          licenses:
            - file: "LICENSE"
              spdx: "Apache-2.0"
        - path: "k8s.io/klog/v2"
          version: "v2.120.1"
          goModuleChecksum: "h1:QXU6cPEOIslTGvZaXvFWiP9VKyeet3sawzTOvdXb4Vw="
          zipSHA256: "f6793076147daa5aefcc1ef0f5536c063dd8e209af9f95f8fed4efbd57665a49"
          licenses:
            - file: "LICENSE"
              spdx: "Apache-2.0"
        - path: "k8s.io/kube-openapi"
          version: "v0.0.0-20240228011516-70dd3763d340"
          goModuleChecksum: "h1:BZqlfIlq5YbRMFko6/PM7FjZpUb45WallggurYhKGag="
          zipSHA256: "cec150e9a861a37191fcbcf3cf0f4157759900d82e0cf9ffb4dad290256a9580"
          licenses:
            - file: "LICENSE"
              spdx: "Apache-2.0"
        - path: "k8s.io/utils"
          version: "v0.0.0-20230726121419-3b25d923346b"
          goModuleChecksum: "h1:sgn3ZU783SCgtaSJjpcVVlRqd6GSnlTLKgpAAttJvpI="
          zipSHA256: "b215ab848276200af441edc56a920338d00299cf69005e94bdbe9df76c7bd0ba"
          licenses:
            - file: "LICENSE"
              spdx: "Apache-2.0"
        - path: "sigs.k8s.io/json"
          version: "v0.0.0-20221116044647-bc3834ca7abd"
          goModuleChecksum: "h1:EDPBXCAspyGV4jQlpZSudPeMmr1bNJefnuqLsRAsHZo="
          zipSHA256: "ddcc6a7c6c22b9b370c270bfefb4b68f424bf740aa18cb766f104531de6e0e6e"
          licenses:
            - file: "LICENSE"
              spdx: "Apache-2.0"
        - path: "sigs.k8s.io/structured-merge-diff/v4"
          version: "v4.4.1"
          goModuleChecksum: "h1:150L+0vs/8DA78h1u02ooW1/fFq/Lwr+sGiqlzvrtq4="
          zipSHA256: "ce80f7bbeca9f900e8ec311744007cd764c679ecc8d3a6aaa6abf1223dde91f2"
          licenses:
            - file: "LICENSE"
              spdx: "Apache-2.0"
        - path: "sigs.k8s.io/yaml"
          version: "v1.3.0"
          goModuleChecksum: "h1:a2VclLzOGrwOHDiV8EfBGhvjHvP46CtW5j6POvhYGGo="
          zipSHA256: "aac88da551c2a512b642cb35658bf3dc862595a3566bd840ebf18e4802f1fcc9"
          licenses:
            - file: "LICENSE"
              spdx: "MIT"
fixtures:
  - path: "test/fixtures/upstream-graph/nonvirtual-golden-input.json"
    sha256: "3a9b1140ace9234cb17697da8cacdc05e185d5a9e2b2933829552f4334988a3a"
  - path: "test/fixtures/upstream-graph/ariadne-ontology-adapter-poc_test.go.fixture"
    sha256: "199f2b455f4a6f234def06c285e05956b58c3dd2255e26b87b527cc575eaf50c"
  - path: "test/fixtures/upstream-graph/ontology-ariadne-reader.patch"
    sha256: "ce57342fd94dbbdaf04e38d93eaf00f927aa89072a75cd99accc1db4b2657b86"
  - path: "test/fixtures/upstream-graph/ontology-ariadne-diagnostic.golden.json"
    sha256: "d6e5eeeef75398eb67f8b8c5697eeb5de05ab00f9813a2e249010ec53791cb0e"
  - path: "test/fixtures/upstream-graph/ontology-adapter-go-dependency-closure.json"
    sha256: "7b5debaa4975302252188075aaab8c87a91f4ee65786fb579fc7828195debda4"
  - path: "test/fixtures/upstream-graph/ontology-pod-image-pull-failure.golden.json"
    sha256: "4deb15a7bbc073756c4bf5460485b3520b8330241c83def9a2c7f85e22320a33"
  - path: "test/fixtures/upstream-graph/ontology-workload-rollout-blocked.golden.json"
    sha256: "2194b1343f6d7963b738cb7b83d28216cf0d98ed2e8cbe13705052e0a5aea132"
