schemaVersion: holmes-investigator-reuse/v1
source: https://github.com/HolmesGPT/holmesgpt
version: 0.42.0
commit: bfd33247f154484bc2f734a0da709da133c6a434
upstreamLicense: Apache-2.0
wrapperLicense: GPL-3.0-or-later
wrapperLicenseADR: docs/adr/0027-sp06-investigator-license-distribution.md
imageDigest: sha256:b2c93e4e2c4f589ca71b09596a99ec3b19b87339352fb8db0f7a59fc926db593
correspondingSourceBundleSHA256: sha256:f386fd82ced894c5d4fe438f5b8ad0a40d392aaed309c9ca76ed24805d124054
architecture: linux/arm64
protocol: '2025-06-18'
pythonSDK: mcp==1.28.1
goSDK:
  module: github.com/modelcontextprotocol/go-sdk
  version: v1.1.0
  commit: 72afbc91bd0d3b6b9fd2d2b6a21556a28c668b5b
extensionPoints:
- DefaultLLM.completion
- Tool._invoke/get_openai_format
- ToolExecutor
- ToolCallingLLM.call
coreCopied: false
runtimeContract: 'Model Contract: base_url/api_key_ref/model/timeout/token_budget only'
model: llama3.1:8b-16k
scope: real protocol, tool loop, budget/error/recovery; RCA accuracy unverified
pyrca: disabled-excluded
virtualization: disabled-unverified-deferred
poc: docs/poc/sp06-holmesgpt-runtime.md
fullStageAcceptance: See docs/evidence/sp06-20261003/final-gates.json and final-independent-review.md;
  reuse admission does not imply full stage acceptance
